// !$*UTF8*$!
{
	archiveVersion = 1;
	classes = {
	};
	objectVersion = 52;
	objects = {

/* Begin PBXBuildFile section */
		9B267C012444638D002F571E /* AppDelegate.swift in Sources */ = {isa = PBXBuildFile; fileRef = 9B267C002444638D002F571E /* AppDelegate.swift */; };
		9B267C052444638F002F571E /* Assets.xcassets in Resources */ = {isa = PBXBuildFile; fileRef = 9B267C042444638F002F571E /* Assets.xcassets */; };
		9B267C082444638F002F571E /* Main.storyboard in Resources */ = {isa = PBXBuildFile; fileRef = 9B267C062444638F002F571E /* Main.storyboard */; };
		9B267C1524446899002F571E /* Extension.swift in Sources */ = {isa = PBXBuildFile; fileRef = 9B267C1424446899002F571E /* Extension.swift */; };
		9B267C1D24446C1B002F571E /* Receive.storyboard in Resources */ = {isa = PBXBuildFile; fileRef = 9B267C1C24446C1B002F571E /* Receive.storyboard */; };
		9B267C2024446C6E002F571E /* Storyboard.swift in Sources */ = {isa = PBXBuildFile; fileRef = 9B267C1F24446C6E002F571E /* Storyboard.swift */; };
		9B267C2324446F51002F571E /* Pods_Sunflower.framework in Frameworks */ = {isa = PBXBuildFile; fileRef = 996065FC7B98B5309EA4203A /* Pods_Sunflower.framework */; };
		9B267C3524447937002F571E /* APIPgyerTarget.swift in Sources */ = {isa = PBXBuildFile; fileRef = 9B267C2824447937002F571E /* APIPgyerTarget.swift */; };
		9B267C3624447937002F571E /* APIFeishuTarget.swift in Sources */ = {isa = PBXBuildFile; fileRef = 9B267C2924447937002F571E /* APIFeishuTarget.swift */; };
		9B267C3724447937002F571E /* APIWechatTarget.swift in Sources */ = {isa = PBXBuildFile; fileRef = 9B267C2A24447937002F571E /* APIWechatTarget.swift */; };
		9B267C3824447937002F571E /* APITimeoutPlugin.swift in Sources */ = {isa = PBXBuildFile; fileRef = 9B267C2C24447937002F571E /* APITimeoutPlugin.swift */; };
		9B267C3924447937002F571E /* APILoad.swift in Sources */ = {isa = PBXBuildFile; fileRef = 9B267C2D24447937002F571E /* APILoad.swift */; };
		9B267C3A24447937002F571E /* APIError.swift in Sources */ = {isa = PBXBuildFile; fileRef = 9B267C2F24447937002F571E /* APIError.swift */; };
		9B267C3B24447937002F571E /* Result.swift in Sources */ = {isa = PBXBuildFile; fileRef = 9B267C3024447937002F571E /* Result.swift */; };
		9B267C3C24447937002F571E /* APIResult.swift in Sources */ = {isa = PBXBuildFile; fileRef = 9B267C3124447937002F571E /* APIResult.swift */; };
		9B267C3D24447937002F571E /* APICancellableWrapper.swift in Sources */ = {isa = PBXBuildFile; fileRef = 9B267C3224447937002F571E /* APICancellableWrapper.swift */; };
		9B267C3E24447937002F571E /* APIOption.swift in Sources */ = {isa = PBXBuildFile; fileRef = 9B267C3324447937002F571E /* APIOption.swift */; };
		9B267C3F24447937002F571E /* API.swift in Sources */ = {isa = PBXBuildFile; fileRef = 9B267C3424447937002F571E /* API.swift */; };
		9B267C4124447969002F571E /* ReceiveController.swift in Sources */ = {isa = PBXBuildFile; fileRef = 9B267C4024447969002F571E /* ReceiveController.swift */; };
		9B267C4324447979002F571E /* ReceiveView.swift in Sources */ = {isa = PBXBuildFile; fileRef = 9B267C4224447979002F571E /* ReceiveView.swift */; };
		9B267C46244479A3002F571E /* ViewController.swift in Sources */ = {isa = PBXBuildFile; fileRef = 9B267C45244479A3002F571E /* ViewController.swift */; };
		9B267C4824447B5E002F571E /* Pgyer.swift in Sources */ = {isa = PBXBuildFile; fileRef = 9B267C4724447B5E002F571E /* Pgyer.swift */; };
		9B267C4A24448446002F571E /* ReceiveDragView.swift in Sources */ = {isa = PBXBuildFile; fileRef = 9B267C4924448446002F571E /* ReceiveDragView.swift */; };
		9B26C93824570A6F0038E82E /* SettingsAccountModel.swift in Sources */ = {isa = PBXBuildFile; fileRef = 9B26C93724570A6F0038E82E /* SettingsAccountModel.swift */; };
		9B26C93A245805F50038E82E /* SettingsAccountPgyerInfoController.swift in Sources */ = {isa = PBXBuildFile; fileRef = 9B26C939245805F50038E82E /* SettingsAccountPgyerInfoController.swift */; };
		9B26C93C2458060C0038E82E /* SettingsAccountFirimInfoController.swift in Sources */ = {isa = PBXBuildFile; fileRef = 9B26C93B2458060C0038E82E /* SettingsAccountFirimInfoController.swift */; };
		9B26C93E245806790038E82E /* SettingsAccountPgyerInfoView.swift in Sources */ = {isa = PBXBuildFile; fileRef = 9B26C93D245806790038E82E /* SettingsAccountPgyerInfoView.swift */; };
		9B26C9402458068C0038E82E /* SettingsAccountFirimInfoView.swift in Sources */ = {isa = PBXBuildFile; fileRef = 9B26C93F2458068C0038E82E /* SettingsAccountFirimInfoView.swift */; };
		9B26C942245809ED0038E82E /* ViewControllerExtension.swift in Sources */ = {isa = PBXBuildFile; fileRef = 9B26C941245809ED0038E82E /* ViewControllerExtension.swift */; };
		9B375C222446E4B700E3E286 /* AXML in Frameworks */ = {isa = PBXBuildFile; productRef = 9B375C212446E4B700E3E286 /* AXML */; };
		9B4EFA1C244886DB00C1BD84 /* PgyerIPAController.swift in Sources */ = {isa = PBXBuildFile; fileRef = 9B4EFA1B244886DB00C1BD84 /* PgyerIPAController.swift */; };
		9B4EFA1E244886EE00C1BD84 /* PgyerIPAView.swift in Sources */ = {isa = PBXBuildFile; fileRef = 9B4EFA1D244886EE00C1BD84 /* PgyerIPAView.swift */; };
		9B4EFA2024499C5A00C1BD84 /* APIPgyerPlugin.swift in Sources */ = {isa = PBXBuildFile; fileRef = 9B4EFA1F24499C5A00C1BD84 /* APIPgyerPlugin.swift */; };
		9B4EFA5C244D75B700C1BD84 /* ResourceTypes.cpp in Sources */ = {isa = PBXBuildFile; fileRef = 9B4EFA57244D75B700C1BD84 /* ResourceTypes.cpp */; };
		9B4EFA5D244D75B700C1BD84 /* ResourcesParserInterpreter.cpp in Sources */ = {isa = PBXBuildFile; fileRef = 9B4EFA58244D75B700C1BD84 /* ResourcesParserInterpreter.cpp */; };
		9B4EFA5E244D75B700C1BD84 /* ResourcesParser.cpp in Sources */ = {isa = PBXBuildFile; fileRef = 9B4EFA5A244D75B700C1BD84 /* ResourcesParser.cpp */; };
		9B4EFA65244D866C00C1BD84 /* AnalysisArsc.mm in Sources */ = {isa = PBXBuildFile; fileRef = 9B4EFA64244D866C00C1BD84 /* AnalysisArsc.mm */; };
		9B62EFFC244DBFD500CBBD00 /* Account.swift in Sources */ = {isa = PBXBuildFile; fileRef = 9B62EFFB244DBFD500CBBD00 /* Account.swift */; };
		9B62EFFE244DC07400CBBD00 /* Account+Pgyer.swift in Sources */ = {isa = PBXBuildFile; fileRef = 9B62EFFD244DC07400CBBD00 /* Account+Pgyer.swift */; };
		9B62F000244DC08500CBBD00 /* Account+Firim.swift in Sources */ = {isa = PBXBuildFile; fileRef = 9B62EFFF244DC08500CBBD00 /* Account+Firim.swift */; };
		9B62F005244DC95500CBBD00 /* Settings.swift in Sources */ = {isa = PBXBuildFile; fileRef = 9B62F004244DC95500CBBD00 /* Settings.swift */; };
		9B62F00A244DC97C00CBBD00 /* Settings+Pgyer.swift in Sources */ = {isa = PBXBuildFile; fileRef = 9B62F009244DC97C00CBBD00 /* Settings+Pgyer.swift */; };
		9B62F00C244DC98800CBBD00 /* Settings+Firim.swift in Sources */ = {isa = PBXBuildFile; fileRef = 9B62F00B244DC98800CBBD00 /* Settings+Firim.swift */; };
		9B62F00F244DD05B00CBBD00 /* EventMonitor.swift in Sources */ = {isa = PBXBuildFile; fileRef = 9B62F00E244DD05B00CBBD00 /* EventMonitor.swift */; };
		9B62F013244EC21200CBBD00 /* Settings.storyboard in Resources */ = {isa = PBXBuildFile; fileRef = 9B62F012244EC21200CBBD00 /* Settings.storyboard */; };
		9B62F016244EC22700CBBD00 /* SettingsController.swift in Sources */ = {isa = PBXBuildFile; fileRef = 9B62F015244EC22700CBBD00 /* SettingsController.swift */; };
		9B62F022244EC39100CBBD00 /* SettingsView.swift in Sources */ = {isa = PBXBuildFile; fileRef = 9B62F021244EC39100CBBD00 /* SettingsView.swift */; };
		9B62F024244EC3A700CBBD00 /* SettingsRobotView.swift in Sources */ = {isa = PBXBuildFile; fileRef = 9B62F023244EC3A700CBBD00 /* SettingsRobotView.swift */; };
		9B62F026244EC3B800CBBD00 /* SettingsPgyerView.swift in Sources */ = {isa = PBXBuildFile; fileRef = 9B62F025244EC3B800CBBD00 /* SettingsPgyerView.swift */; };
		9B62F028244EC3C600CBBD00 /* SettingsFirimView.swift in Sources */ = {isa = PBXBuildFile; fileRef = 9B62F027244EC3C600CBBD00 /* SettingsFirimView.swift */; };
		9B62F02A244EC3DC00CBBD00 /* SettingsFirimController.swift in Sources */ = {isa = PBXBuildFile; fileRef = 9B62F029244EC3DC00CBBD00 /* SettingsFirimController.swift */; };
		9B62F02C244EC40E00CBBD00 /* SettingsPgyerController.swift in Sources */ = {isa = PBXBuildFile; fileRef = 9B62F02B244EC40E00CBBD00 /* SettingsPgyerController.swift */; };
		9B62F02E244EC41D00CBBD00 /* SettingsRobotController.swift in Sources */ = {isa = PBXBuildFile; fileRef = 9B62F02D244EC41D00CBBD00 /* SettingsRobotController.swift */; };
		9B62F05B244EEC4600CBBD00 /* SettingsAccountController.swift in Sources */ = {isa = PBXBuildFile; fileRef = 9B62F05A244EEC4600CBBD00 /* SettingsAccountController.swift */; };
		9B62F05E244EEC5A00CBBD00 /* SettingsAccountView.swift in Sources */ = {isa = PBXBuildFile; fileRef = 9B62F05D244EEC5A00CBBD00 /* SettingsAccountView.swift */; };
		9B62F060244EED2800CBBD00 /* ApplicationExtension.swift in Sources */ = {isa = PBXBuildFile; fileRef = 9B62F05F244EED2800CBBD00 /* ApplicationExtension.swift */; };
		9B62F063245011B800CBBD00 /* Appearance.swift in Sources */ = {isa = PBXBuildFile; fileRef = 9B62F062245011B800CBBD00 /* Appearance.swift */; };
		9B62F0662452AE7400CBBD00 /* UserDefaultsSettable.swift in Sources */ = {isa = PBXBuildFile; fileRef = 9B62F0652452AE7400CBBD00 /* UserDefaultsSettable.swift */; };
		9B62F06A2452B27000CBBD00 /* UserDefaults.swift in Sources */ = {isa = PBXBuildFile; fileRef = 9B62F0692452B27000CBBD00 /* UserDefaults.swift */; };
		9B7365B42463F04800D053FE /* SettingsAccountSectionHeader.swift in Sources */ = {isa = PBXBuildFile; fileRef = 9B7365B32463F04800D053FE /* SettingsAccountSectionHeader.swift */; };
		9B7365B72463FD7100D053FE /* SettingsAccountItem.swift in Sources */ = {isa = PBXBuildFile; fileRef = 9B7365B52463FD7100D053FE /* SettingsAccountItem.swift */; };
		9B7365B82463FD7100D053FE /* SettingsAccountItem.xib in Resources */ = {isa = PBXBuildFile; fileRef = 9B7365B62463FD7100D053FE /* SettingsAccountItem.xib */; };
		9BEA1A0624458A5E0084563C /* Pgyer.storyboard in Resources */ = {isa = PBXBuildFile; fileRef = 9BEA1A0524458A5E0084563C /* Pgyer.storyboard */; };
		9BEA1A0824458A7A0084563C /* PgyerController.swift in Sources */ = {isa = PBXBuildFile; fileRef = 9BEA1A0724458A7A0084563C /* PgyerController.swift */; };
		9BEA1A0A24458A900084563C /* PgyerView.swift in Sources */ = {isa = PBXBuildFile; fileRef = 9BEA1A0924458A900084563C /* PgyerView.swift */; };
		9BEA1A0C2445944F0084563C /* ReceivePopoverController.swift in Sources */ = {isa = PBXBuildFile; fileRef = 9BEA1A0B2445944F0084563C /* ReceivePopoverController.swift */; };
		9BEA1A0E244594720084563C /* ReceivePopoverView.swift in Sources */ = {isa = PBXBuildFile; fileRef = 9BEA1A0D244594720084563C /* ReceivePopoverView.swift */; };
		9BEA1A132445A6FC0084563C /* ViewExtension.swift in Sources */ = {isa = PBXBuildFile; fileRef = 9BEA1A122445A6FC0084563C /* ViewExtension.swift */; };
		9BEA1A152445AAE90084563C /* Receive.swift in Sources */ = {isa = PBXBuildFile; fileRef = 9BEA1A142445AAE90084563C /* Receive.swift */; };
		9BEA1A192445BB540084563C /* Analysis.swift in Sources */ = {isa = PBXBuildFile; fileRef = 9BEA1A182445BB540084563C /* Analysis.swift */; };
		9BEA1A1B2445BBB00084563C /* Analysis+IPA.swift in Sources */ = {isa = PBXBuildFile; fileRef = 9BEA1A1A2445BBB00084563C /* Analysis+IPA.swift */; };
		9BEA1A1D2445BBC10084563C /* Analysis+APK.swift in Sources */ = {isa = PBXBuildFile; fileRef = 9BEA1A1C2445BBC10084563C /* Analysis+APK.swift */; };
		9BF00FCA246D3E7000AB10AA /* SettingsRobotModel.swift in Sources */ = {isa = PBXBuildFile; fileRef = 9BF00FC9246D3E7000AB10AA /* SettingsRobotModel.swift */; };
		9BF00FCC246E46C900AB10AA /* SettingsAccountCreateController.swift in Sources */ = {isa = PBXBuildFile; fileRef = 9BF00FCB246E46C900AB10AA /* SettingsAccountCreateController.swift */; };
		9BF00FCE246E46F700AB10AA /* SettingsAccountCreateView.swift in Sources */ = {isa = PBXBuildFile; fileRef = 9BF00FCD246E46F700AB10AA /* SettingsAccountCreateView.swift */; };
		9BF00FD0246E76D500AB10AA /* SettingsAccountSelectController.swift in Sources */ = {isa = PBXBuildFile; fileRef = 9BF00FCF246E76D500AB10AA /* SettingsAccountSelectController.swift */; };
		9BF00FD2246E76F900AB10AA /* SettingsAccountSelectView.swift in Sources */ = {isa = PBXBuildFile; fileRef = 9BF00FD1246E76F900AB10AA /* SettingsAccountSelectView.swift */; };
		9BF00FD5246E93C700AB10AA /* Robot.swift in Sources */ = {isa = PBXBuildFile; fileRef = 9BF00FD4246E93C700AB10AA /* Robot.swift */; };
		9BF00FD9246E942D00AB10AA /* Robot+Wechat.swift in Sources */ = {isa = PBXBuildFile; fileRef = 9BF00FD8246E942D00AB10AA /* Robot+Wechat.swift */; };
		9BF00FDB246E943800AB10AA /* Robot+Feishu.swift in Sources */ = {isa = PBXBuildFile; fileRef = 9BF00FDA246E943800AB10AA /* Robot+Feishu.swift */; };
		9BF00FDD246E9D2B00AB10AA /* PgyerAPKController.swift in Sources */ = {isa = PBXBuildFile; fileRef = 9BF00FDC246E9D2B00AB10AA /* PgyerAPKController.swift */; };
		9BF00FDF246E9D4400AB10AA /* PgyerAPKView.swift in Sources */ = {isa = PBXBuildFile; fileRef = 9BF00FDE246E9D4400AB10AA /* PgyerAPKView.swift */; };
		9BF79A1D246FD03100C471FA /* SettingsRobotWechatInfoView.swift in Sources */ = {isa = PBXBuildFile; fileRef = 9BF79A1C246FD03100C471FA /* SettingsRobotWechatInfoView.swift */; };
		9BF79A1F246FD04500C471FA /* SettingsRobotFeishuInfoView.swift in Sources */ = {isa = PBXBuildFile; fileRef = 9BF79A1E246FD04500C471FA /* SettingsRobotFeishuInfoView.swift */; };
		9BF79A21246FD06200C471FA /* SettingsRobotSectionHeader.swift in Sources */ = {isa = PBXBuildFile; fileRef = 9BF79A20246FD06200C471FA /* SettingsRobotSectionHeader.swift */; };
		9BF79A24246FD0CF00C471FA /* SettingsRobotItem.swift in Sources */ = {isa = PBXBuildFile; fileRef = 9BF79A22246FD0CF00C471FA /* SettingsRobotItem.swift */; };
		9BF79A26246FD21000C471FA /* SettingsRobotWechatInfoController.swift in Sources */ = {isa = PBXBuildFile; fileRef = 9BF79A25246FD21000C471FA /* SettingsRobotWechatInfoController.swift */; };
		9BF79A28246FD22700C471FA /* SettingsRobotFeishuInfoController.swift in Sources */ = {isa = PBXBuildFile; fileRef = 9BF79A27246FD22700C471FA /* SettingsRobotFeishuInfoController.swift */; };
		9BF79A2B246FDC9700C471FA /* SettingsRobotCreateView.swift in Sources */ = {isa = PBXBuildFile; fileRef = 9BF79A2A246FDC9700C471FA /* SettingsRobotCreateView.swift */; };
		9BF79A2D246FDCA800C471FA /* SettingsRobotSelectView.swift in Sources */ = {isa = PBXBuildFile; fileRef = 9BF79A2C246FDCA800C471FA /* SettingsRobotSelectView.swift */; };
		9BF79A2F246FDCDF00C471FA /* SettingsRobotCreateController.swift in Sources */ = {isa = PBXBuildFile; fileRef = 9BF79A2E246FDCDF00C471FA /* SettingsRobotCreateController.swift */; };
		9BF79A31246FDCF300C471FA /* SettingsRobotSelectController.swift in Sources */ = {isa = PBXBuildFile; fileRef = 9BF79A30246FDCF300C471FA /* SettingsRobotSelectController.swift */; };
		9BF79A32246FE69F00C471FA /* SettingsRobotItem.xib in Resources */ = {isa = PBXBuildFile; fileRef = 9BF79A23246FD0CF00C471FA /* SettingsRobotItem.xib */; };
		9BF79A35246FEBEA00C471FA /* PgyerIPAModel.swift in Sources */ = {isa = PBXBuildFile; fileRef = 9BF79A34246FEBEA00C471FA /* PgyerIPAModel.swift */; };
/* End PBXBuildFile section */

/* Begin PBXFileReference section */
		41F55D1E4B50FB45FCBEAF60 /* Pods-BetaPublisher.debug.xcconfig */ = {isa = PBXFileReference; includeInIndex = 1; lastKnownFileType = text.xcconfig; name = "Pods-BetaPublisher.debug.xcconfig"; path = "Target Support Files/Pods-BetaPublisher/Pods-BetaPublisher.debug.xcconfig"; sourceTree = "<group>"; };
		79B3DFE9229EB38C885E32A8 /* Pods-BetaPublisher.release.xcconfig */ = {isa = PBXFileReference; includeInIndex = 1; lastKnownFileType = text.xcconfig; name = "Pods-BetaPublisher.release.xcconfig"; path = "Target Support Files/Pods-BetaPublisher/Pods-BetaPublisher.release.xcconfig"; sourceTree = "<group>"; };
		996065FC7B98B5309EA4203A /* Pods_Sunflower.framework */ = {isa = PBXFileReference; explicitFileType = wrapper.framework; includeInIndex = 0; path = Pods_Sunflower.framework; sourceTree = BUILT_PRODUCTS_DIR; };
		9B267BFD2444638D002F571E /* Sunflower.app */ = {isa = PBXFileReference; explicitFileType = wrapper.application; includeInIndex = 0; path = Sunflower.app; sourceTree = BUILT_PRODUCTS_DIR; };
		9B267C002444638D002F571E /* AppDelegate.swift */ = {isa = PBXFileReference; lastKnownFileType = sourcecode.swift; path = AppDelegate.swift; sourceTree = "<group>"; };
		9B267C042444638F002F571E /* Assets.xcassets */ = {isa = PBXFileReference; lastKnownFileType = folder.assetcatalog; path = Assets.xcassets; sourceTree = "<group>"; };
		9B267C072444638F002F571E /* Base */ = {isa = PBXFileReference; lastKnownFileType = file.storyboard; name = Base; path = Base.lproj/Main.storyboard; sourceTree = "<group>"; };
		9B267C092444638F002F571E /* Info.plist */ = {isa = PBXFileReference; lastKnownFileType = text.plist.xml; path = Info.plist; sourceTree = "<group>"; };
		9B267C1424446899002F571E /* Extension.swift */ = {isa = PBXFileReference; lastKnownFileType = sourcecode.swift; path = Extension.swift; sourceTree = "<group>"; };
		9B267C1C24446C1B002F571E /* Receive.storyboard */ = {isa = PBXFileReference; lastKnownFileType = file.storyboard; path = Receive.storyboard; sourceTree = "<group>"; };
		9B267C1F24446C6E002F571E /* Storyboard.swift */ = {isa = PBXFileReference; fileEncoding = 4; lastKnownFileType = sourcecode.swift; path = Storyboard.swift; sourceTree = "<group>"; };
		9B267C2824447937002F571E /* APIPgyerTarget.swift */ = {isa = PBXFileReference; fileEncoding = 4; lastKnownFileType = sourcecode.swift; path = APIPgyerTarget.swift; sourceTree = "<group>"; };
		9B267C2924447937002F571E /* APIFeishuTarget.swift */ = {isa = PBXFileReference; fileEncoding = 4; lastKnownFileType = sourcecode.swift; path = APIFeishuTarget.swift; sourceTree = "<group>"; };
		9B267C2A24447937002F571E /* APIWechatTarget.swift */ = {isa = PBXFileReference; fileEncoding = 4; lastKnownFileType = sourcecode.swift; path = APIWechatTarget.swift; sourceTree = "<group>"; };
		9B267C2C24447937002F571E /* APITimeoutPlugin.swift */ = {isa = PBXFileReference; fileEncoding = 4; lastKnownFileType = sourcecode.swift; path = APITimeoutPlugin.swift; sourceTree = "<group>"; };
		9B267C2D24447937002F571E /* APILoad.swift */ = {isa = PBXFileReference; fileEncoding = 4; lastKnownFileType = sourcecode.swift; path = APILoad.swift; sourceTree = "<group>"; };
		9B267C2F24447937002F571E /* APIError.swift */ = {isa = PBXFileReference; fileEncoding = 4; lastKnownFileType = sourcecode.swift; path = APIError.swift; sourceTree = "<group>"; };
		9B267C3024447937002F571E /* Result.swift */ = {isa = PBXFileReference; fileEncoding = 4; lastKnownFileType = sourcecode.swift; path = Result.swift; sourceTree = "<group>"; };
		9B267C3124447937002F571E /* APIResult.swift */ = {isa = PBXFileReference; fileEncoding = 4; lastKnownFileType = sourcecode.swift; path = APIResult.swift; sourceTree = "<group>"; };
		9B267C3224447937002F571E /* APICancellableWrapper.swift */ = {isa = PBXFileReference; fileEncoding = 4; lastKnownFileType = sourcecode.swift; path = APICancellableWrapper.swift; sourceTree = "<group>"; };
		9B267C3324447937002F571E /* APIOption.swift */ = {isa = PBXFileReference; fileEncoding = 4; lastKnownFileType = sourcecode.swift; path = APIOption.swift; sourceTree = "<group>"; };
		9B267C3424447937002F571E /* API.swift */ = {isa = PBXFileReference; fileEncoding = 4; lastKnownFileType = sourcecode.swift; path = API.swift; sourceTree = "<group>"; };
		9B267C4024447969002F571E /* ReceiveController.swift */ = {isa = PBXFileReference; lastKnownFileType = sourcecode.swift; path = ReceiveController.swift; sourceTree = "<group>"; };
		9B267C4224447979002F571E /* ReceiveView.swift */ = {isa = PBXFileReference; lastKnownFileType = sourcecode.swift; path = ReceiveView.swift; sourceTree = "<group>"; };
		9B267C45244479A3002F571E /* ViewController.swift */ = {isa = PBXFileReference; lastKnownFileType = sourcecode.swift; path = ViewController.swift; sourceTree = "<group>"; };
		9B267C4724447B5E002F571E /* Pgyer.swift */ = {isa = PBXFileReference; lastKnownFileType = sourcecode.swift; path = Pgyer.swift; sourceTree = "<group>"; };
		9B267C4924448446002F571E /* ReceiveDragView.swift */ = {isa = PBXFileReference; lastKnownFileType = sourcecode.swift; path = ReceiveDragView.swift; sourceTree = "<group>"; };
		9B26C93724570A6F0038E82E /* SettingsAccountModel.swift */ = {isa = PBXFileReference; lastKnownFileType = sourcecode.swift; path = SettingsAccountModel.swift; sourceTree = "<group>"; };
		9B26C939245805F50038E82E /* SettingsAccountPgyerInfoController.swift */ = {isa = PBXFileReference; lastKnownFileType = sourcecode.swift; path = SettingsAccountPgyerInfoController.swift; sourceTree = "<group>"; };
		9B26C93B2458060C0038E82E /* SettingsAccountFirimInfoController.swift */ = {isa = PBXFileReference; lastKnownFileType = sourcecode.swift; path = SettingsAccountFirimInfoController.swift; sourceTree = "<group>"; };
		9B26C93D245806790038E82E /* SettingsAccountPgyerInfoView.swift */ = {isa = PBXFileReference; lastKnownFileType = sourcecode.swift; path = SettingsAccountPgyerInfoView.swift; sourceTree = "<group>"; };
		9B26C93F2458068C0038E82E /* SettingsAccountFirimInfoView.swift */ = {isa = PBXFileReference; lastKnownFileType = sourcecode.swift; path = SettingsAccountFirimInfoView.swift; sourceTree = "<group>"; };
		9B26C941245809ED0038E82E /* ViewControllerExtension.swift */ = {isa = PBXFileReference; lastKnownFileType = sourcecode.swift; path = ViewControllerExtension.swift; sourceTree = "<group>"; };
		9B375C1F2446D57C00E3E286 /* Sunflower.entitlements */ = {isa = PBXFileReference; lastKnownFileType = text.plist.entitlements; path = Sunflower.entitlements; sourceTree = "<group>"; };
		9B4EFA0C2448330C00C1BD84 /* Bridging-Header.h */ = {isa = PBXFileReference; explicitFileType = sourcecode.cpp.h; path = "Bridging-Header.h"; sourceTree = "<group>"; };
		9B4EFA1B244886DB00C1BD84 /* PgyerIPAController.swift */ = {isa = PBXFileReference; lastKnownFileType = sourcecode.swift; path = PgyerIPAController.swift; sourceTree = "<group>"; };
		9B4EFA1D244886EE00C1BD84 /* PgyerIPAView.swift */ = {isa = PBXFileReference; lastKnownFileType = sourcecode.swift; path = PgyerIPAView.swift; sourceTree = "<group>"; };
		9B4EFA1F24499C5A00C1BD84 /* APIPgyerPlugin.swift */ = {isa = PBXFileReference; lastKnownFileType = sourcecode.swift; path = APIPgyerPlugin.swift; sourceTree = "<group>"; };
		9B4EFA55244D75B700C1BD84 /* configuration.h */ = {isa = PBXFileReference; explicitFileType = sourcecode.cpp.h; fileEncoding = 4; path = configuration.h; sourceTree = "<group>"; };
		9B4EFA56244D75B700C1BD84 /* ResourcesParserInterpreter.hpp */ = {isa = PBXFileReference; explicitFileType = sourcecode.cpp.h; fileEncoding = 4; path = ResourcesParserInterpreter.hpp; sourceTree = "<group>"; };
		9B4EFA57244D75B700C1BD84 /* ResourceTypes.cpp */ = {isa = PBXFileReference; fileEncoding = 4; lastKnownFileType = sourcecode.cpp.cpp; path = ResourceTypes.cpp; sourceTree = "<group>"; };
		9B4EFA58244D75B700C1BD84 /* ResourcesParserInterpreter.cpp */ = {isa = PBXFileReference; fileEncoding = 4; lastKnownFileType = sourcecode.cpp.cpp; path = ResourcesParserInterpreter.cpp; sourceTree = "<group>"; };
		9B4EFA59244D75B700C1BD84 /* ResourceTypes.hpp */ = {isa = PBXFileReference; fileEncoding = 4; lastKnownFileType = sourcecode.cpp.h; path = ResourceTypes.hpp; sourceTree = "<group>"; };
		9B4EFA5A244D75B700C1BD84 /* ResourcesParser.cpp */ = {isa = PBXFileReference; fileEncoding = 4; lastKnownFileType = sourcecode.cpp.cpp; path = ResourcesParser.cpp; sourceTree = "<group>"; };
		9B4EFA5B244D75B700C1BD84 /* ResourcesParser.hpp */ = {isa = PBXFileReference; explicitFileType = sourcecode.cpp.h; fileEncoding = 4; path = ResourcesParser.hpp; sourceTree = "<group>"; };
		9B4EFA5F244D75EA00C1BD84 /* ByteOrder.h */ = {isa = PBXFileReference; explicitFileType = sourcecode.cpp.h; fileEncoding = 4; path = ByteOrder.h; sourceTree = "<group>"; };
		9B4EFA60244D775100C1BD84 /* AnalysisArsc.h */ = {isa = PBXFileReference; lastKnownFileType = sourcecode.c.h; path = AnalysisArsc.h; sourceTree = "<group>"; };
		9B4EFA64244D866C00C1BD84 /* AnalysisArsc.mm */ = {isa = PBXFileReference; lastKnownFileType = sourcecode.cpp.objcpp; path = AnalysisArsc.mm; sourceTree = "<group>"; };
		9B62EFFB244DBFD500CBBD00 /* Account.swift */ = {isa = PBXFileReference; lastKnownFileType = sourcecode.swift; path = Account.swift; sourceTree = "<group>"; };
		9B62EFFD244DC07400CBBD00 /* Account+Pgyer.swift */ = {isa = PBXFileReference; lastKnownFileType = sourcecode.swift; path = "Account+Pgyer.swift"; sourceTree = "<group>"; };
		9B62EFFF244DC08500CBBD00 /* Account+Firim.swift */ = {isa = PBXFileReference; lastKnownFileType = sourcecode.swift; path = "Account+Firim.swift"; sourceTree = "<group>"; };
		9B62F004244DC95500CBBD00 /* Settings.swift */ = {isa = PBXFileReference; lastKnownFileType = sourcecode.swift; path = Settings.swift; sourceTree = "<group>"; };
		9B62F009244DC97C00CBBD00 /* Settings+Pgyer.swift */ = {isa = PBXFileReference; lastKnownFileType = sourcecode.swift; path = "Settings+Pgyer.swift"; sourceTree = "<group>"; };
		9B62F00B244DC98800CBBD00 /* Settings+Firim.swift */ = {isa = PBXFileReference; lastKnownFileType = sourcecode.swift; path = "Settings+Firim.swift"; sourceTree = "<group>"; };
		9B62F00E244DD05B00CBBD00 /* EventMonitor.swift */ = {isa = PBXFileReference; lastKnownFileType = sourcecode.swift; path = EventMonitor.swift; sourceTree = "<group>"; };
		9B62F012244EC21200CBBD00 /* Settings.storyboard */ = {isa = PBXFileReference; lastKnownFileType = file.storyboard; path = Settings.storyboard; sourceTree = "<group>"; };
		9B62F015244EC22700CBBD00 /* SettingsController.swift */ = {isa = PBXFileReference; lastKnownFileType = sourcecode.swift; path = SettingsController.swift; sourceTree = "<group>"; };
		9B62F021244EC39100CBBD00 /* SettingsView.swift */ = {isa = PBXFileReference; lastKnownFileType = sourcecode.swift; path = SettingsView.swift; sourceTree = "<group>"; };
		9B62F023244EC3A700CBBD00 /* SettingsRobotView.swift */ = {isa = PBXFileReference; lastKnownFileType = sourcecode.swift; path = SettingsRobotView.swift; sourceTree = "<group>"; };
		9B62F025244EC3B800CBBD00 /* SettingsPgyerView.swift */ = {isa = PBXFileReference; lastKnownFileType = sourcecode.swift; path = SettingsPgyerView.swift; sourceTree = "<group>"; };
		9B62F027244EC3C600CBBD00 /* SettingsFirimView.swift */ = {isa = PBXFileReference; lastKnownFileType = sourcecode.swift; path = SettingsFirimView.swift; sourceTree = "<group>"; };
		9B62F029244EC3DC00CBBD00 /* SettingsFirimController.swift */ = {isa = PBXFileReference; lastKnownFileType = sourcecode.swift; path = SettingsFirimController.swift; sourceTree = "<group>"; };
		9B62F02B244EC40E00CBBD00 /* SettingsPgyerController.swift */ = {isa = PBXFileReference; lastKnownFileType = sourcecode.swift; path = SettingsPgyerController.swift; sourceTree = "<group>"; };
		9B62F02D244EC41D00CBBD00 /* SettingsRobotController.swift */ = {isa = PBXFileReference; lastKnownFileType = sourcecode.swift; path = SettingsRobotController.swift; sourceTree = "<group>"; };
		9B62F05A244EEC4600CBBD00 /* SettingsAccountController.swift */ = {isa = PBXFileReference; lastKnownFileType = sourcecode.swift; path = SettingsAccountController.swift; sourceTree = "<group>"; };
		9B62F05D244EEC5A00CBBD00 /* SettingsAccountView.swift */ = {isa = PBXFileReference; lastKnownFileType = sourcecode.swift; path = SettingsAccountView.swift; sourceTree = "<group>"; };
		9B62F05F244EED2800CBBD00 /* ApplicationExtension.swift */ = {isa = PBXFileReference; lastKnownFileType = sourcecode.swift; path = ApplicationExtension.swift; sourceTree = "<group>"; };
		9B62F062245011B800CBBD00 /* Appearance.swift */ = {isa = PBXFileReference; lastKnownFileType = sourcecode.swift; path = Appearance.swift; sourceTree = "<group>"; };
		9B62F0652452AE7400CBBD00 /* UserDefaultsSettable.swift */ = {isa = PBXFileReference; fileEncoding = 4; lastKnownFileType = sourcecode.swift; path = UserDefaultsSettable.swift; sourceTree = "<group>"; };
		9B62F0692452B27000CBBD00 /* UserDefaults.swift */ = {isa = PBXFileReference; lastKnownFileType = sourcecode.swift; path = UserDefaults.swift; sourceTree = "<group>"; };
		9B7365B32463F04800D053FE /* SettingsAccountSectionHeader.swift */ = {isa = PBXFileReference; lastKnownFileType = sourcecode.swift; path = SettingsAccountSectionHeader.swift; sourceTree = "<group>"; };
		9B7365B52463FD7100D053FE /* SettingsAccountItem.swift */ = {isa = PBXFileReference; lastKnownFileType = sourcecode.swift; path = SettingsAccountItem.swift; sourceTree = "<group>"; };
		9B7365B62463FD7100D053FE /* SettingsAccountItem.xib */ = {isa = PBXFileReference; lastKnownFileType = file.xib; path = SettingsAccountItem.xib; sourceTree = "<group>"; };
		9BEA1A0524458A5E0084563C /* Pgyer.storyboard */ = {isa = PBXFileReference; lastKnownFileType = file.storyboard; path = Pgyer.storyboard; sourceTree = "<group>"; };
		9BEA1A0724458A7A0084563C /* PgyerController.swift */ = {isa = PBXFileReference; lastKnownFileType = sourcecode.swift; path = PgyerController.swift; sourceTree = "<group>"; };
		9BEA1A0924458A900084563C /* PgyerView.swift */ = {isa = PBXFileReference; lastKnownFileType = sourcecode.swift; path = PgyerView.swift; sourceTree = "<group>"; };
		9BEA1A0B2445944F0084563C /* ReceivePopoverController.swift */ = {isa = PBXFileReference; lastKnownFileType = sourcecode.swift; path = ReceivePopoverController.swift; sourceTree = "<group>"; };
		9BEA1A0D244594720084563C /* ReceivePopoverView.swift */ = {isa = PBXFileReference; lastKnownFileType = sourcecode.swift; path = ReceivePopoverView.swift; sourceTree = "<group>"; };
		9BEA1A0F244595E00084563C /* zh-Hans */ = {isa = PBXFileReference; lastKnownFileType = text.plist.strings; name = "zh-Hans"; path = "zh-Hans.lproj/Main.strings"; sourceTree = "<group>"; };
		9BEA1A112445966A0084563C /* en */ = {isa = PBXFileReference; lastKnownFileType = text.plist.strings; name = en; path = en.lproj/Main.strings; sourceTree = "<group>"; };
		9BEA1A122445A6FC0084563C /* ViewExtension.swift */ = {isa = PBXFileReference; lastKnownFileType = sourcecode.swift; path = ViewExtension.swift; sourceTree = "<group>"; };
		9BEA1A142445AAE90084563C /* Receive.swift */ = {isa = PBXFileReference; lastKnownFileType = sourcecode.swift; path = Receive.swift; sourceTree = "<group>"; };
		9BEA1A182445BB540084563C /* Analysis.swift */ = {isa = PBXFileReference; lastKnownFileType = sourcecode.swift; path = Analysis.swift; sourceTree = "<group>"; };
		9BEA1A1A2445BBB00084563C /* Analysis+IPA.swift */ = {isa = PBXFileReference; lastKnownFileType = sourcecode.swift; path = "Analysis+IPA.swift"; sourceTree = "<group>"; };
		9BEA1A1C2445BBC10084563C /* Analysis+APK.swift */ = {isa = PBXFileReference; lastKnownFileType = sourcecode.swift; path = "Analysis+APK.swift"; sourceTree = "<group>"; };
		9BF00FC9246D3E7000AB10AA /* SettingsRobotModel.swift */ = {isa = PBXFileReference; lastKnownFileType = sourcecode.swift; path = SettingsRobotModel.swift; sourceTree = "<group>"; };
		9BF00FCB246E46C900AB10AA /* SettingsAccountCreateController.swift */ = {isa = PBXFileReference; lastKnownFileType = sourcecode.swift; path = SettingsAccountCreateController.swift; sourceTree = "<group>"; };
		9BF00FCD246E46F700AB10AA /* SettingsAccountCreateView.swift */ = {isa = PBXFileReference; lastKnownFileType = sourcecode.swift; path = SettingsAccountCreateView.swift; sourceTree = "<group>"; };
		9BF00FCF246E76D500AB10AA /* SettingsAccountSelectController.swift */ = {isa = PBXFileReference; lastKnownFileType = sourcecode.swift; path = SettingsAccountSelectController.swift; sourceTree = "<group>"; };
		9BF00FD1246E76F900AB10AA /* SettingsAccountSelectView.swift */ = {isa = PBXFileReference; lastKnownFileType = sourcecode.swift; path = SettingsAccountSelectView.swift; sourceTree = "<group>"; };
		9BF00FD4246E93C700AB10AA /* Robot.swift */ = {isa = PBXFileReference; lastKnownFileType = sourcecode.swift; path = Robot.swift; sourceTree = "<group>"; };
		9BF00FD8246E942D00AB10AA /* Robot+Wechat.swift */ = {isa = PBXFileReference; lastKnownFileType = sourcecode.swift; path = "Robot+Wechat.swift"; sourceTree = "<group>"; };
		9BF00FDA246E943800AB10AA /* Robot+Feishu.swift */ = {isa = PBXFileReference; lastKnownFileType = sourcecode.swift; path = "Robot+Feishu.swift"; sourceTree = "<group>"; };
		9BF00FDC246E9D2B00AB10AA /* PgyerAPKController.swift */ = {isa = PBXFileReference; lastKnownFileType = sourcecode.swift; path = PgyerAPKController.swift; sourceTree = "<group>"; };
		9BF00FDE246E9D4400AB10AA /* PgyerAPKView.swift */ = {isa = PBXFileReference; lastKnownFileType = sourcecode.swift; path = PgyerAPKView.swift; sourceTree = "<group>"; };
		9BF79A1C246FD03100C471FA /* SettingsRobotWechatInfoView.swift */ = {isa = PBXFileReference; lastKnownFileType = sourcecode.swift; path = SettingsRobotWechatInfoView.swift; sourceTree = "<group>"; };
		9BF79A1E246FD04500C471FA /* SettingsRobotFeishuInfoView.swift */ = {isa = PBXFileReference; lastKnownFileType = sourcecode.swift; path = SettingsRobotFeishuInfoView.swift; sourceTree = "<group>"; };
		9BF79A20246FD06200C471FA /* SettingsRobotSectionHeader.swift */ = {isa = PBXFileReference; lastKnownFileType = sourcecode.swift; path = SettingsRobotSectionHeader.swift; sourceTree = "<group>"; };
		9BF79A22246FD0CF00C471FA /* SettingsRobotItem.swift */ = {isa = PBXFileReference; lastKnownFileType = sourcecode.swift; path = SettingsRobotItem.swift; sourceTree = "<group>"; };
		9BF79A23246FD0CF00C471FA /* SettingsRobotItem.xib */ = {isa = PBXFileReference; lastKnownFileType = file.xib; path = SettingsRobotItem.xib; sourceTree = "<group>"; };
		9BF79A25246FD21000C471FA /* SettingsRobotWechatInfoController.swift */ = {isa = PBXFileReference; lastKnownFileType = sourcecode.swift; path = SettingsRobotWechatInfoController.swift; sourceTree = "<group>"; };
		9BF79A27246FD22700C471FA /* SettingsRobotFeishuInfoController.swift */ = {isa = PBXFileReference; lastKnownFileType = sourcecode.swift; path = SettingsRobotFeishuInfoController.swift; sourceTree = "<group>"; };
		9BF79A2A246FDC9700C471FA /* SettingsRobotCreateView.swift */ = {isa = PBXFileReference; lastKnownFileType = sourcecode.swift; path = SettingsRobotCreateView.swift; sourceTree = "<group>"; };
		9BF79A2C246FDCA800C471FA /* SettingsRobotSelectView.swift */ = {isa = PBXFileReference; lastKnownFileType = sourcecode.swift; path = SettingsRobotSelectView.swift; sourceTree = "<group>"; };
		9BF79A2E246FDCDF00C471FA /* SettingsRobotCreateController.swift */ = {isa = PBXFileReference; lastKnownFileType = sourcecode.swift; path = SettingsRobotCreateController.swift; sourceTree = "<group>"; };
		9BF79A30246FDCF300C471FA /* SettingsRobotSelectController.swift */ = {isa = PBXFileReference; lastKnownFileType = sourcecode.swift; path = SettingsRobotSelectController.swift; sourceTree = "<group>"; };
		9BF79A34246FEBEA00C471FA /* PgyerIPAModel.swift */ = {isa = PBXFileReference; lastKnownFileType = sourcecode.swift; path = PgyerIPAModel.swift; sourceTree = "<group>"; };
		B95F59C61F5960BF1C4D785A /* Pods-Sunflower.release.xcconfig */ = {isa = PBXFileReference; includeInIndex = 1; lastKnownFileType = text.xcconfig; name = "Pods-Sunflower.release.xcconfig"; path = "Target Support Files/Pods-Sunflower/Pods-Sunflower.release.xcconfig"; sourceTree = "<group>"; };
		C398C851073995942D62038F /* Pods-Sunflower.debug.xcconfig */ = {isa = PBXFileReference; includeInIndex = 1; lastKnownFileType = text.xcconfig; name = "Pods-Sunflower.debug.xcconfig"; path = "Target Support Files/Pods-Sunflower/Pods-Sunflower.debug.xcconfig"; sourceTree = "<group>"; };
/* End PBXFileReference section */

/* Begin PBXFrameworksBuildPhase section */
		9B267BFA2444638D002F571E /* Frameworks */ = {
			isa = PBXFrameworksBuildPhase;
			buildActionMask = 2147483647;
			files = (
				9B375C222446E4B700E3E286 /* AXML in Frameworks */,
				9B267C2324446F51002F571E /* Pods_Sunflower.framework in Frameworks */,
			);
			runOnlyForDeploymentPostprocessing = 0;
		};
/* End PBXFrameworksBuildPhase section */

/* Begin PBXGroup section */
		50B76FB651E52F694C30D13C /* Frameworks */ = {
			isa = PBXGroup;
			children = (
				996065FC7B98B5309EA4203A /* Pods_Sunflower.framework */,
			);
			name = Frameworks;
			sourceTree = "<group>";
		};
		9B267BF42444638D002F571E = {
			isa = PBXGroup;
			children = (
				9B267BFF2444638D002F571E /* Sunflower */,
				9B267BFE2444638D002F571E /* Products */,
				BA6DE2C2C0426989F8F8AF56 /* Pods */,
				50B76FB651E52F694C30D13C /* Frameworks */,
			);
			sourceTree = "<group>";
		};
		9B267BFE2444638D002F571E /* Products */ = {
			isa = PBXGroup;
			children = (
				9B267BFD2444638D002F571E /* Sunflower.app */,
			);
			name = Products;
			sourceTree = "<group>";
		};
		9B267BFF2444638D002F571E /* Sunflower */ = {
			isa = PBXGroup;
			children = (
				9B375C1F2446D57C00E3E286 /* Sunflower.entitlements */,
				9B267C002444638D002F571E /* AppDelegate.swift */,
				9B267C1124446846002F571E /* Module */,
				9B267C1224446862002F571E /* Components */,
				9B267C102444643D002F571E /* Resources */,
			);
			path = Sunflower;
			sourceTree = "<group>";
		};
		9B267C102444643D002F571E /* Resources */ = {
			isa = PBXGroup;
			children = (
				9B4EFA0C2448330C00C1BD84 /* Bridging-Header.h */,
				9B267C042444638F002F571E /* Assets.xcassets */,
				9B267C062444638F002F571E /* Main.storyboard */,
				9B267C092444638F002F571E /* Info.plist */,
			);
			path = Resources;
			sourceTree = "<group>";
		};
		9B267C1124446846002F571E /* Module */ = {
			isa = PBXGroup;
			children = (
				9B62F003244DC94700CBBD00 /* Settings */,
				9B267C182444691C002F571E /* Receive */,
				9B267C16244468B2002F571E /* Pgyer */,
				9B267C17244468FA002F571E /* Firim */,
			);
			path = Module;
			sourceTree = "<group>";
		};
		9B267C1224446862002F571E /* Components */ = {
			isa = PBXGroup;
			children = (
				9BF00FD3246E93AF00AB10AA /* Robot */,
				9B62F0642452AE6A00CBBD00 /* UserDefaults */,
				9B62F061245011AF00CBBD00 /* Appearance */,
				9B62F00D244DD04700CBBD00 /* EventMonitor */,
				9B62EFFA244DBF7A00CBBD00 /* Account */,
				9BEA1A162445BB0A0084563C /* Analysis */,
				9B267C4424447990002F571E /* Controller */,
				9B267C2624447937002F571E /* API */,
				9B267C1E24446C62002F571E /* Storyboard */,
				9B267C1324446889002F571E /* Extension */,
			);
			path = Components;
			sourceTree = "<group>";
		};
		9B267C1324446889002F571E /* Extension */ = {
			isa = PBXGroup;
			children = (
				9B267C1424446899002F571E /* Extension.swift */,
				9BEA1A122445A6FC0084563C /* ViewExtension.swift */,
				9B26C941245809ED0038E82E /* ViewControllerExtension.swift */,
				9B62F05F244EED2800CBBD00 /* ApplicationExtension.swift */,
			);
			path = Extension;
			sourceTree = "<group>";
		};
		9B267C16244468B2002F571E /* Pgyer */ = {
			isa = PBXGroup;
			children = (
				9BF79A33246FEBDB00C471FA /* Model */,
				9BEA1A0424458A500084563C /* View */,
				9BEA1A0224458A410084563C /* Controller */,
				9BEA1A0324458A4B0084563C /* Storyboard */,
				9B267C4724447B5E002F571E /* Pgyer.swift */,
			);
			path = Pgyer;
			sourceTree = "<group>";
		};
		9B267C17244468FA002F571E /* Firim */ = {
			isa = PBXGroup;
			children = (
			);
			path = Firim;
			sourceTree = "<group>";
		};
		9B267C182444691C002F571E /* Receive */ = {
			isa = PBXGroup;
			children = (
				9B267C1B24446BFD002F571E /* View */,
				9B267C1A24446BF7002F571E /* Controller */,
				9B267C1924446BE6002F571E /* Storyboard */,
				9BEA1A142445AAE90084563C /* Receive.swift */,
			);
			path = Receive;
			sourceTree = "<group>";
		};
		9B267C1924446BE6002F571E /* Storyboard */ = {
			isa = PBXGroup;
			children = (
				9B267C1C24446C1B002F571E /* Receive.storyboard */,
			);
			path = Storyboard;
			sourceTree = "<group>";
		};
		9B267C1A24446BF7002F571E /* Controller */ = {
			isa = PBXGroup;
			children = (
				9B267C4024447969002F571E /* ReceiveController.swift */,
				9BEA1A0B2445944F0084563C /* ReceivePopoverController.swift */,
			);
			path = Controller;
			sourceTree = "<group>";
		};
		9B267C1B24446BFD002F571E /* View */ = {
			isa = PBXGroup;
			children = (
				9B267C4224447979002F571E /* ReceiveView.swift */,
				9B267C4924448446002F571E /* ReceiveDragView.swift */,
				9BEA1A0D244594720084563C /* ReceivePopoverView.swift */,
			);
			path = View;
			sourceTree = "<group>";
		};
		9B267C1E24446C62002F571E /* Storyboard */ = {
			isa = PBXGroup;
			children = (
				9B267C1F24446C6E002F571E /* Storyboard.swift */,
			);
			path = Storyboard;
			sourceTree = "<group>";
		};
		9B267C2624447937002F571E /* API */ = {
			isa = PBXGroup;
			children = (
				9B267C3424447937002F571E /* API.swift */,
				9B267C2D24447937002F571E /* APILoad.swift */,
				9B267C2724447937002F571E /* Target */,
				9B267C2B24447937002F571E /* Plugin */,
				9B267C2E24447937002F571E /* Model */,
			);
			path = API;
			sourceTree = "<group>";
		};
		9B267C2724447937002F571E /* Target */ = {
			isa = PBXGroup;
			children = (
				9B267C2824447937002F571E /* APIPgyerTarget.swift */,
				9B267C2924447937002F571E /* APIFeishuTarget.swift */,
				9B267C2A24447937002F571E /* APIWechatTarget.swift */,
			);
			path = Target;
			sourceTree = "<group>";
		};
		9B267C2B24447937002F571E /* Plugin */ = {
			isa = PBXGroup;
			children = (
				9B267C2C24447937002F571E /* APITimeoutPlugin.swift */,
				9B4EFA1F24499C5A00C1BD84 /* APIPgyerPlugin.swift */,
			);
			path = Plugin;
			sourceTree = "<group>";
		};
		9B267C2E24447937002F571E /* Model */ = {
			isa = PBXGroup;
			children = (
				9B267C2F24447937002F571E /* APIError.swift */,
				9B267C3024447937002F571E /* Result.swift */,
				9B267C3124447937002F571E /* APIResult.swift */,
				9B267C3224447937002F571E /* APICancellableWrapper.swift */,
				9B267C3324447937002F571E /* APIOption.swift */,
			);
			path = Model;
			sourceTree = "<group>";
		};
		9B267C4424447990002F571E /* Controller */ = {
			isa = PBXGroup;
			children = (
				9B267C45244479A3002F571E /* ViewController.swift */,
			);
			path = Controller;
			sourceTree = "<group>";
		};
		9B26C93624570A640038E82E /* Model */ = {
			isa = PBXGroup;
			children = (
				9B26C93724570A6F0038E82E /* SettingsAccountModel.swift */,
			);
			path = Model;
			sourceTree = "<group>";
		};
		9B4EFA52244D756400C1BD84 /* Arsc */ = {
			isa = PBXGroup;
			children = (
				9B4EFA5F244D75EA00C1BD84 /* ByteOrder.h */,
				9B4EFA55244D75B700C1BD84 /* configuration.h */,
				9B4EFA5A244D75B700C1BD84 /* ResourcesParser.cpp */,
				9B4EFA5B244D75B700C1BD84 /* ResourcesParser.hpp */,
				9B4EFA58244D75B700C1BD84 /* ResourcesParserInterpreter.cpp */,
				9B4EFA56244D75B700C1BD84 /* ResourcesParserInterpreter.hpp */,
				9B4EFA57244D75B700C1BD84 /* ResourceTypes.cpp */,
				9B4EFA59244D75B700C1BD84 /* ResourceTypes.hpp */,
				9B4EFA60244D775100C1BD84 /* AnalysisArsc.h */,
				9B4EFA64244D866C00C1BD84 /* AnalysisArsc.mm */,
			);
			path = Arsc;
			sourceTree = "<group>";
		};
		9B4EFA53244D756D00C1BD84 /* IPA */ = {
			isa = PBXGroup;
			children = (
				9BEA1A1A2445BBB00084563C /* Analysis+IPA.swift */,
			);
			path = IPA;
			sourceTree = "<group>";
		};
		9B4EFA54244D757200C1BD84 /* APK */ = {
			isa = PBXGroup;
			children = (
				9B4EFA52244D756400C1BD84 /* Arsc */,
				9BEA1A1C2445BBC10084563C /* Analysis+APK.swift */,
			);
			path = APK;
			sourceTree = "<group>";
		};
		9B62EFFA244DBF7A00CBBD00 /* Account */ = {
			isa = PBXGroup;
			children = (
				9B62F001244DC0A400CBBD00 /* Pgyer */,
				9B62F002244DC0B400CBBD00 /* Firim */,
				9B62EFFB244DBFD500CBBD00 /* Account.swift */,
			);
			path = Account;
			sourceTree = "<group>";
		};
		9B62F001244DC0A400CBBD00 /* Pgyer */ = {
			isa = PBXGroup;
			children = (
				9B62EFFD244DC07400CBBD00 /* Account+Pgyer.swift */,
			);
			path = Pgyer;
			sourceTree = "<group>";
		};
		9B62F002244DC0B400CBBD00 /* Firim */ = {
			isa = PBXGroup;
			children = (
				9B62EFFF244DC08500CBBD00 /* Account+Firim.swift */,
			);
			path = Firim;
			sourceTree = "<group>";
		};
		9B62F003244DC94700CBBD00 /* Settings */ = {
			isa = PBXGroup;
			children = (
				9B62F020244EC37A00CBBD00 /* View */,
				9B62F011244EA35000CBBD00 /* Storyboard */,
				9B62F010244EA33800CBBD00 /* Controller */,
				9B62F057244EEC1200CBBD00 /* Account */,
				9B62F017244EC32E00CBBD00 /* Robot */,
				9B62F006244DC95E00CBBD00 /* Pgyer */,
				9B62F007244DC96500CBBD00 /* Firim */,
				9B62F004244DC95500CBBD00 /* Settings.swift */,
			);
			path = Settings;
			sourceTree = "<group>";
		};
		9B62F006244DC95E00CBBD00 /* Pgyer */ = {
			isa = PBXGroup;
			children = (
				9B62F01E244EC36F00CBBD00 /* View */,
				9B62F01B244EC36100CBBD00 /* Controller */,
				9B62F009244DC97C00CBBD00 /* Settings+Pgyer.swift */,
			);
			path = Pgyer;
			sourceTree = "<group>";
		};
		9B62F007244DC96500CBBD00 /* Firim */ = {
			isa = PBXGroup;
			children = (
				9B62F01F244EC37300CBBD00 /* View */,
				9B62F01C244EC36500CBBD00 /* Controller */,
				9B62F00B244DC98800CBBD00 /* Settings+Firim.swift */,
			);
			path = Firim;
			sourceTree = "<group>";
		};
		9B62F00D244DD04700CBBD00 /* EventMonitor */ = {
			isa = PBXGroup;
			children = (
				9B62F00E244DD05B00CBBD00 /* EventMonitor.swift */,
			);
			path = EventMonitor;
			sourceTree = "<group>";
		};
		9B62F010244EA33800CBBD00 /* Controller */ = {
			isa = PBXGroup;
			children = (
				9B62F015244EC22700CBBD00 /* SettingsController.swift */,
			);
			path = Controller;
			sourceTree = "<group>";
		};
		9B62F011244EA35000CBBD00 /* Storyboard */ = {
			isa = PBXGroup;
			children = (
				9B62F012244EC21200CBBD00 /* Settings.storyboard */,
			);
			path = Storyboard;
			sourceTree = "<group>";
		};
		9B62F017244EC32E00CBBD00 /* Robot */ = {
			isa = PBXGroup;
			children = (
				9BF00FC8246D3E5B00AB10AA /* Model */,
				9B62F01D244EC36A00CBBD00 /* View */,
				9B62F01A244EC35800CBBD00 /* Controller */,
			);
			path = Robot;
			sourceTree = "<group>";
		};
		9B62F01A244EC35800CBBD00 /* Controller */ = {
			isa = PBXGroup;
			children = (
				9B62F02D244EC41D00CBBD00 /* SettingsRobotController.swift */,
				9BF79A25246FD21000C471FA /* SettingsRobotWechatInfoController.swift */,
				9BF79A27246FD22700C471FA /* SettingsRobotFeishuInfoController.swift */,
				9BF79A2E246FDCDF00C471FA /* SettingsRobotCreateController.swift */,
				9BF79A30246FDCF300C471FA /* SettingsRobotSelectController.swift */,
			);
			path = Controller;
			sourceTree = "<group>";
		};
		9B62F01B244EC36100CBBD00 /* Controller */ = {
			isa = PBXGroup;
			children = (
				9B62F02B244EC40E00CBBD00 /* SettingsPgyerController.swift */,
			);
			path = Controller;
			sourceTree = "<group>";
		};
		9B62F01C244EC36500CBBD00 /* Controller */ = {
			isa = PBXGroup;
			children = (
				9B62F029244EC3DC00CBBD00 /* SettingsFirimController.swift */,
			);
			path = Controller;
			sourceTree = "<group>";
		};
		9B62F01D244EC36A00CBBD00 /* View */ = {
			isa = PBXGroup;
			children = (
				9B62F023244EC3A700CBBD00 /* SettingsRobotView.swift */,
				9BF79A1C246FD03100C471FA /* SettingsRobotWechatInfoView.swift */,
				9BF79A1E246FD04500C471FA /* SettingsRobotFeishuInfoView.swift */,
				9BF79A20246FD06200C471FA /* SettingsRobotSectionHeader.swift */,
				9BF79A22246FD0CF00C471FA /* SettingsRobotItem.swift */,
				9BF79A23246FD0CF00C471FA /* SettingsRobotItem.xib */,
				9BF79A2A246FDC9700C471FA /* SettingsRobotCreateView.swift */,
				9BF79A2C246FDCA800C471FA /* SettingsRobotSelectView.swift */,
			);
			path = View;
			sourceTree = "<group>";
		};
		9B62F01E244EC36F00CBBD00 /* View */ = {
			isa = PBXGroup;
			children = (
				9B62F025244EC3B800CBBD00 /* SettingsPgyerView.swift */,
			);
			path = View;
			sourceTree = "<group>";
		};
		9B62F01F244EC37300CBBD00 /* View */ = {
			isa = PBXGroup;
			children = (
				9B62F027244EC3C600CBBD00 /* SettingsFirimView.swift */,
			);
			path = View;
			sourceTree = "<group>";
		};
		9B62F020244EC37A00CBBD00 /* View */ = {
			isa = PBXGroup;
			children = (
				9B62F021244EC39100CBBD00 /* SettingsView.swift */,
			);
			path = View;
			sourceTree = "<group>";
		};
		9B62F057244EEC1200CBBD00 /* Account */ = {
			isa = PBXGroup;
			children = (
				9B26C93624570A640038E82E /* Model */,
				9B62F059244EEC3400CBBD00 /* View */,
				9B62F058244EEC2E00CBBD00 /* Controller */,
			);
			path = Account;
			sourceTree = "<group>";
		};
		9B62F058244EEC2E00CBBD00 /* Controller */ = {
			isa = PBXGroup;
			children = (
				9B62F05A244EEC4600CBBD00 /* SettingsAccountController.swift */,
				9B26C939245805F50038E82E /* SettingsAccountPgyerInfoController.swift */,
				9B26C93B2458060C0038E82E /* SettingsAccountFirimInfoController.swift */,
				9BF00FCB246E46C900AB10AA /* SettingsAccountCreateController.swift */,
				9BF00FCF246E76D500AB10AA /* SettingsAccountSelectController.swift */,
			);
			path = Controller;
			sourceTree = "<group>";
		};
		9B62F059244EEC3400CBBD00 /* View */ = {
			isa = PBXGroup;
			children = (
				9B62F05D244EEC5A00CBBD00 /* SettingsAccountView.swift */,
				9B26C93D245806790038E82E /* SettingsAccountPgyerInfoView.swift */,
				9B26C93F2458068C0038E82E /* SettingsAccountFirimInfoView.swift */,
				9B7365B32463F04800D053FE /* SettingsAccountSectionHeader.swift */,
				9B7365B52463FD7100D053FE /* SettingsAccountItem.swift */,
				9B7365B62463FD7100D053FE /* SettingsAccountItem.xib */,
				9BF00FCD246E46F700AB10AA /* SettingsAccountCreateView.swift */,
				9BF00FD1246E76F900AB10AA /* SettingsAccountSelectView.swift */,
			);
			path = View;
			sourceTree = "<group>";
		};
		9B62F061245011AF00CBBD00 /* Appearance */ = {
			isa = PBXGroup;
			children = (
				9B62F062245011B800CBBD00 /* Appearance.swift */,
			);
			path = Appearance;
			sourceTree = "<group>";
		};
		9B62F0642452AE6A00CBBD00 /* UserDefaults */ = {
			isa = PBXGroup;
			children = (
				9B62F0692452B27000CBBD00 /* UserDefaults.swift */,
				9B62F0652452AE7400CBBD00 /* UserDefaultsSettable.swift */,
			);
			path = UserDefaults;
			sourceTree = "<group>";
		};
		9BEA1A0224458A410084563C /* Controller */ = {
			isa = PBXGroup;
			children = (
				9BEA1A0724458A7A0084563C /* PgyerController.swift */,
				9B4EFA1B244886DB00C1BD84 /* PgyerIPAController.swift */,
				9BF00FDC246E9D2B00AB10AA /* PgyerAPKController.swift */,
			);
			path = Controller;
			sourceTree = "<group>";
		};
		9BEA1A0324458A4B0084563C /* Storyboard */ = {
			isa = PBXGroup;
			children = (
				9BEA1A0524458A5E0084563C /* Pgyer.storyboard */,
			);
			path = Storyboard;
			sourceTree = "<group>";
		};
		9BEA1A0424458A500084563C /* View */ = {
			isa = PBXGroup;
			children = (
				9BEA1A0924458A900084563C /* PgyerView.swift */,
				9B4EFA1D244886EE00C1BD84 /* PgyerIPAView.swift */,
				9BF00FDE246E9D4400AB10AA /* PgyerAPKView.swift */,
			);
			path = View;
			sourceTree = "<group>";
		};
		9BEA1A162445BB0A0084563C /* Analysis */ = {
			isa = PBXGroup;
			children = (
				9B4EFA53244D756D00C1BD84 /* IPA */,
				9B4EFA54244D757200C1BD84 /* APK */,
				9BEA1A182445BB540084563C /* Analysis.swift */,
			);
			path = Analysis;
			sourceTree = "<group>";
		};
		9BF00FC8246D3E5B00AB10AA /* Model */ = {
			isa = PBXGroup;
			children = (
				9BF00FC9246D3E7000AB10AA /* SettingsRobotModel.swift */,
			);
			path = Model;
			sourceTree = "<group>";
		};
		9BF00FD3246E93AF00AB10AA /* Robot */ = {
			isa = PBXGroup;
			children = (
				9BF00FD7246E93D600AB10AA /* Feishu */,
				9BF00FD6246E93CE00AB10AA /* Wechat */,
				9BF00FD4246E93C700AB10AA /* Robot.swift */,
			);
			path = Robot;
			sourceTree = "<group>";
		};
		9BF00FD6246E93CE00AB10AA /* Wechat */ = {
			isa = PBXGroup;
			children = (
				9BF00FD8246E942D00AB10AA /* Robot+Wechat.swift */,
			);
			path = Wechat;
			sourceTree = "<group>";
		};
		9BF00FD7246E93D600AB10AA /* Feishu */ = {
			isa = PBXGroup;
			children = (
				9BF00FDA246E943800AB10AA /* Robot+Feishu.swift */,
			);
			path = Feishu;
			sourceTree = "<group>";
		};
		9BF79A33246FEBDB00C471FA /* Model */ = {
			isa = PBXGroup;
			children = (
				9BF79A34246FEBEA00C471FA /* PgyerIPAModel.swift */,
			);
			path = Model;
			sourceTree = "<group>";
		};
		BA6DE2C2C0426989F8F8AF56 /* Pods */ = {
			isa = PBXGroup;
			children = (
				41F55D1E4B50FB45FCBEAF60 /* Pods-BetaPublisher.debug.xcconfig */,
				79B3DFE9229EB38C885E32A8 /* Pods-BetaPublisher.release.xcconfig */,
				C398C851073995942D62038F /* Pods-Sunflower.debug.xcconfig */,
				B95F59C61F5960BF1C4D785A /* Pods-Sunflower.release.xcconfig */,
			);
			path = Pods;
			sourceTree = "<group>";
		};
/* End PBXGroup section */

/* Begin PBXNativeTarget section */
		9B267BFC2444638D002F571E /* Sunflower */ = {
			isa = PBXNativeTarget;
			buildConfigurationList = 9B267C0D2444638F002F571E /* Build configuration list for PBXNativeTarget "Sunflower" */;
			buildPhases = (
				EF86EC98508A5B2617A95048 /* [CP] Check Pods Manifest.lock */,
				9B267BF92444638D002F571E /* Sources */,
				9B267BFA2444638D002F571E /* Frameworks */,
				9B267BFB2444638D002F571E /* Resources */,
				660293315D3303C5C1194D56 /* [CP] Embed Pods Frameworks */,
			);
			buildRules = (
			);
			dependencies = (
			);
			name = Sunflower;
			packageProductDependencies = (
				9B375C212446E4B700E3E286 /* AXML */,
			);
			productName = BetaPublisher;
			productReference = 9B267BFD2444638D002F571E /* Sunflower.app */;
			productType = "com.apple.product-type.application";
		};
/* End PBXNativeTarget section */

/* Begin PBXProject section */
		9B267BF52444638D002F571E /* Project object */ = {
			isa = PBXProject;
			attributes = {
				LastSwiftUpdateCheck = 1140;
				LastUpgradeCheck = 1140;
				TargetAttributes = {
					9B267BFC2444638D002F571E = {
						CreatedOnToolsVersion = 11.4;
						LastSwiftMigration = 1140;
					};
				};
			};
			buildConfigurationList = 9B267BF82444638D002F571E /* Build configuration list for PBXProject "Sunflower" */;
			compatibilityVersion = "Xcode 11.0";
			developmentRegion = en;
			hasScannedForEncodings = 0;
			knownRegions = (
				en,
				Base,
				"zh-Hans",
			);
			mainGroup = 9B267BF42444638D002F571E;
			packageReferences = (
				9B375C202446E4B700E3E286 /* XCRemoteSwiftPackageReference "swift-axml-converter" */,
			);
			productRefGroup = 9B267BFE2444638D002F571E /* Products */;
			projectDirPath = "";
			projectRoot = "";
			targets = (
				9B267BFC2444638D002F571E /* Sunflower */,
			);
		};
/* End PBXProject section */

/* Begin PBXResourcesBuildPhase section */
		9B267BFB2444638D002F571E /* Resources */ = {
			isa = PBXResourcesBuildPhase;
			buildActionMask = 2147483647;
			files = (
				9B267C052444638F002F571E /* Assets.xcassets in Resources */,
				9B267C1D24446C1B002F571E /* Receive.storyboard in Resources */,
				9BEA1A0624458A5E0084563C /* Pgyer.storyboard in Resources */,
				9B267C082444638F002F571E /* Main.storyboard in Resources */,
				9B62F013244EC21200CBBD00 /* Settings.storyboard in Resources */,
				9BF79A32246FE69F00C471FA /* SettingsRobotItem.xib in Resources */,
				9B7365B82463FD7100D053FE /* SettingsAccountItem.xib in Resources */,
			);
			runOnlyForDeploymentPostprocessing = 0;
		};
/* End PBXResourcesBuildPhase section */

/* Begin PBXShellScriptBuildPhase section */
		660293315D3303C5C1194D56 /* [CP] Embed Pods Frameworks */ = {
			isa = PBXShellScriptBuildPhase;
			buildActionMask = 2147483647;
			files = (
			);
			inputFileListPaths = (
				"${PODS_ROOT}/Target Support Files/Pods-Sunflower/Pods-Sunflower-frameworks-${CONFIGURATION}-input-files.xcfilelist",
			);
			name = "[CP] Embed Pods Frameworks";
			outputFileListPaths = (
				"${PODS_ROOT}/Target Support Files/Pods-Sunflower/Pods-Sunflower-frameworks-${CONFIGURATION}-output-files.xcfilelist",
			);
			runOnlyForDeploymentPostprocessing = 0;
			shellPath = /bin/sh;
			shellScript = "\"${PODS_ROOT}/Target Support Files/Pods-Sunflower/Pods-Sunflower-frameworks.sh\"\n";
			showEnvVarsInLog = 0;
		};
		EF86EC98508A5B2617A95048 /* [CP] Check Pods Manifest.lock */ = {
			isa = PBXShellScriptBuildPhase;
			buildActionMask = 2147483647;
			files = (
			);
			inputFileListPaths = (
			);
			inputPaths = (
				"${PODS_PODFILE_DIR_PATH}/Podfile.lock",
				"${PODS_ROOT}/Manifest.lock",
			);
			name = "[CP] Check Pods Manifest.lock";
			outputFileListPaths = (
			);
			outputPaths = (
				"$(DERIVED_FILE_DIR)/Pods-Sunflower-checkManifestLockResult.txt",
			);
			runOnlyForDeploymentPostprocessing = 0;
			shellPath = /bin/sh;
			shellScript = "diff \"${PODS_PODFILE_DIR_PATH}/Podfile.lock\" \"${PODS_ROOT}/Manifest.lock\" > /dev/null\nif [ $? != 0 ] ; then\n    # print error to STDERR\n    echo \"error: The sandbox is not in sync with the Podfile.lock. Run 'pod install' or update your CocoaPods installation.\" >&2\n    exit 1\nfi\n# This output is used by Xcode 'outputs' to avoid re-running this script phase.\necho \"SUCCESS\" > \"${SCRIPT_OUTPUT_FILE_0}\"\n";
			showEnvVarsInLog = 0;
		};
/* End PBXShellScriptBuildPhase section */

/* Begin PBXSourcesBuildPhase section */
		9B267BF92444638D002F571E /* Sources */ = {
			isa = PBXSourcesBuildPhase;
			buildActionMask = 2147483647;
			files = (
				9BF79A2D246FDCA800C471FA /* SettingsRobotSelectView.swift in Sources */,
				9BF00FD5246E93C700AB10AA /* Robot.swift in Sources */,
				9B62F0662452AE7400CBBD00 /* UserDefaultsSettable.swift in Sources */,
				9B4EFA1E244886EE00C1BD84 /* PgyerIPAView.swift in Sources */,
				9B26C942245809ED0038E82E /* ViewControllerExtension.swift in Sources */,
				9B7365B72463FD7100D053FE /* SettingsAccountItem.swift in Sources */,
				9BF79A2F246FDCDF00C471FA /* SettingsRobotCreateController.swift in Sources */,
				9B4EFA5D244D75B700C1BD84 /* ResourcesParserInterpreter.cpp in Sources */,
				9BF79A35246FEBEA00C471FA /* PgyerIPAModel.swift in Sources */,
				9B267C3724447937002F571E /* APIWechatTarget.swift in Sources */,
				9BEA1A192445BB540084563C /* Analysis.swift in Sources */,
				9B267C4124447969002F571E /* ReceiveController.swift in Sources */,
				9B62F000244DC08500CBBD00 /* Account+Firim.swift in Sources */,
				9BF00FCC246E46C900AB10AA /* SettingsAccountCreateController.swift in Sources */,
				9BF00FCA246D3E7000AB10AA /* SettingsRobotModel.swift in Sources */,
				9B62EFFC244DBFD500CBBD00 /* Account.swift in Sources */,
				9B267C3D24447937002F571E /* APICancellableWrapper.swift in Sources */,
				9BEA1A1D2445BBC10084563C /* Analysis+APK.swift in Sources */,
				9BF00FDB246E943800AB10AA /* Robot+Feishu.swift in Sources */,
				9B267C3824447937002F571E /* APITimeoutPlugin.swift in Sources */,
				9B267C3524447937002F571E /* APIPgyerTarget.swift in Sources */,
				9B4EFA65244D866C00C1BD84 /* AnalysisArsc.mm in Sources */,
				9B267C4824447B5E002F571E /* Pgyer.swift in Sources */,
				9BF00FD0246E76D500AB10AA /* SettingsAccountSelectController.swift in Sources */,
				9BEA1A132445A6FC0084563C /* ViewExtension.swift in Sources */,
				9BF00FCE246E46F700AB10AA /* SettingsAccountCreateView.swift in Sources */,
				9BEA1A0A24458A900084563C /* PgyerView.swift in Sources */,
				9B62F02E244EC41D00CBBD00 /* SettingsRobotController.swift in Sources */,
				9B62F005244DC95500CBBD00 /* Settings.swift in Sources */,
				9B267C3F24447937002F571E /* API.swift in Sources */,
				9B267C3C24447937002F571E /* APIResult.swift in Sources */,
				9B62F024244EC3A700CBBD00 /* SettingsRobotView.swift in Sources */,
				9B4EFA1C244886DB00C1BD84 /* PgyerIPAController.swift in Sources */,
				9B267C3A24447937002F571E /* APIError.swift in Sources */,
				9B62F028244EC3C600CBBD00 /* SettingsFirimView.swift in Sources */,
				9B62F00C244DC98800CBBD00 /* Settings+Firim.swift in Sources */,
				9B62F060244EED2800CBBD00 /* ApplicationExtension.swift in Sources */,
				9B62EFFE244DC07400CBBD00 /* Account+Pgyer.swift in Sources */,
				9B4EFA5E244D75B700C1BD84 /* ResourcesParser.cpp in Sources */,
				9B267C2024446C6E002F571E /* Storyboard.swift in Sources */,
				9B7365B42463F04800D053FE /* SettingsAccountSectionHeader.swift in Sources */,
				9B267C1524446899002F571E /* Extension.swift in Sources */,
				9BEA1A0824458A7A0084563C /* PgyerController.swift in Sources */,
				9BEA1A0E244594720084563C /* ReceivePopoverView.swift in Sources */,
				9BF79A1D246FD03100C471FA /* SettingsRobotWechatInfoView.swift in Sources */,
				9B26C93C2458060C0038E82E /* SettingsAccountFirimInfoController.swift in Sources */,
				9B62F06A2452B27000CBBD00 /* UserDefaults.swift in Sources */,
				9BF00FD9246E942D00AB10AA /* Robot+Wechat.swift in Sources */,
				9BF79A24246FD0CF00C471FA /* SettingsRobotItem.swift in Sources */,
				9B62F00A244DC97C00CBBD00 /* Settings+Pgyer.swift in Sources */,
				9B267C012444638D002F571E /* AppDelegate.swift in Sources */,
				9B62F05B244EEC4600CBBD00 /* SettingsAccountController.swift in Sources */,
				9B267C46244479A3002F571E /* ViewController.swift in Sources */,
				9B62F022244EC39100CBBD00 /* SettingsView.swift in Sources */,
				9BF79A31246FDCF300C471FA /* SettingsRobotSelectController.swift in Sources */,
				9B267C3624447937002F571E /* APIFeishuTarget.swift in Sources */,
				9BF79A21246FD06200C471FA /* SettingsRobotSectionHeader.swift in Sources */,
				9BF79A2B246FDC9700C471FA /* SettingsRobotCreateView.swift in Sources */,
				9BEA1A1B2445BBB00084563C /* Analysis+IPA.swift in Sources */,
				9B26C9402458068C0038E82E /* SettingsAccountFirimInfoView.swift in Sources */,
				9BF79A26246FD21000C471FA /* SettingsRobotWechatInfoController.swift in Sources */,
				9B62F026244EC3B800CBBD00 /* SettingsPgyerView.swift in Sources */,
				9BF79A1F246FD04500C471FA /* SettingsRobotFeishuInfoView.swift in Sources */,
				9B62F05E244EEC5A00CBBD00 /* SettingsAccountView.swift in Sources */,
				9B62F063245011B800CBBD00 /* Appearance.swift in Sources */,
				9B267C3E24447937002F571E /* APIOption.swift in Sources */,
				9BF79A28246FD22700C471FA /* SettingsRobotFeishuInfoController.swift in Sources */,
				9B26C93E245806790038E82E /* SettingsAccountPgyerInfoView.swift in Sources */,
				9B267C4A24448446002F571E /* ReceiveDragView.swift in Sources */,
				9B267C3924447937002F571E /* APILoad.swift in Sources */,
				9B267C3B24447937002F571E /* Result.swift in Sources */,
				9BEA1A152445AAE90084563C /* Receive.swift in Sources */,
				9B26C93A245805F50038E82E /* SettingsAccountPgyerInfoController.swift in Sources */,
				9BF00FD2246E76F900AB10AA /* SettingsAccountSelectView.swift in Sources */,
				9B62F02A244EC3DC00CBBD00 /* SettingsFirimController.swift in Sources */,
				9B267C4324447979002F571E /* ReceiveView.swift in Sources */,
				9B62F016244EC22700CBBD00 /* SettingsController.swift in Sources */,
				9BEA1A0C2445944F0084563C /* ReceivePopoverController.swift in Sources */,
				9B62F00F244DD05B00CBBD00 /* EventMonitor.swift in Sources */,
				9B62F02C244EC40E00CBBD00 /* SettingsPgyerController.swift in Sources */,
				9BF00FDF246E9D4400AB10AA /* PgyerAPKView.swift in Sources */,
				9B4EFA2024499C5A00C1BD84 /* APIPgyerPlugin.swift in Sources */,
				9BF00FDD246E9D2B00AB10AA /* PgyerAPKController.swift in Sources */,
				9B26C93824570A6F0038E82E /* SettingsAccountModel.swift in Sources */,
				9B4EFA5C244D75B700C1BD84 /* ResourceTypes.cpp in Sources */,
			);
			runOnlyForDeploymentPostprocessing = 0;
		};
/* End PBXSourcesBuildPhase section */

/* Begin PBXVariantGroup section */
		9B267C062444638F002F571E /* Main.storyboard */ = {
			isa = PBXVariantGroup;
			children = (
				9B267C072444638F002F571E /* Base */,
				9BEA1A0F244595E00084563C /* zh-Hans */,
				9BEA1A112445966A0084563C /* en */,
			);
			name = Main.storyboard;
			sourceTree = "<group>";
		};
/* End PBXVariantGroup section */

/* Begin XCBuildConfiguration section */
		9B267C0B2444638F002F571E /* Debug */ = {
			isa = XCBuildConfiguration;
			buildSettings = {
				ALWAYS_SEARCH_USER_PATHS = NO;
				CLANG_ANALYZER_LOCALIZABILITY_NONLOCALIZED = YES;
				CLANG_ANALYZER_NONNULL = YES;
				CLANG_ANALYZER_NUMBER_OBJECT_CONVERSION = YES_AGGRESSIVE;
				CLANG_CXX_LANGUAGE_STANDARD = "gnu++14";
				CLANG_CXX_LIBRARY = "libc++";
				CLANG_ENABLE_MODULES = YES;
				CLANG_ENABLE_OBJC_ARC = YES;
				CLANG_ENABLE_OBJC_WEAK = YES;
				CLANG_WARN_BLOCK_CAPTURE_AUTORELEASING = YES;
				CLANG_WARN_BOOL_CONVERSION = YES;
				CLANG_WARN_COMMA = YES;
				CLANG_WARN_CONSTANT_CONVERSION = YES;
				CLANG_WARN_DEPRECATED_OBJC_IMPLEMENTATIONS = YES;
				CLANG_WARN_DIRECT_OBJC_ISA_USAGE = YES_ERROR;
				CLANG_WARN_DOCUMENTATION_COMMENTS = YES;
				CLANG_WARN_EMPTY_BODY = YES;
				CLANG_WARN_ENUM_CONVERSION = YES;
				CLANG_WARN_INFINITE_RECURSION = YES;
				CLANG_WARN_INT_CONVERSION = YES;
				CLANG_WARN_NON_LITERAL_NULL_CONVERSION = YES;
				CLANG_WARN_OBJC_IMPLICIT_RETAIN_SELF = YES;
				CLANG_WARN_OBJC_LITERAL_CONVERSION = YES;
				CLANG_WARN_OBJC_ROOT_CLASS = YES_ERROR;
				CLANG_WARN_RANGE_LOOP_ANALYSIS = YES;
				CLANG_WARN_STRICT_PROTOTYPES = YES;
				CLANG_WARN_SUSPICIOUS_MOVE = YES;
				CLANG_WARN_UNGUARDED_AVAILABILITY = YES_AGGRESSIVE;
				CLANG_WARN_UNREACHABLE_CODE = YES;
				CLANG_WARN__DUPLICATE_METHOD_MATCH = YES;
				COPY_PHASE_STRIP = NO;
				DEBUG_INFORMATION_FORMAT = dwarf;
				ENABLE_STRICT_OBJC_MSGSEND = YES;
				ENABLE_TESTABILITY = YES;
				GCC_C_LANGUAGE_STANDARD = gnu11;
				GCC_DYNAMIC_NO_PIC = NO;
				GCC_NO_COMMON_BLOCKS = YES;
				GCC_OPTIMIZATION_LEVEL = 0;
				GCC_PREPROCESSOR_DEFINITIONS = (
					"DEBUG=1",
					"$(inherited)",
				);
				GCC_WARN_64_TO_32_BIT_CONVERSION = YES;
				GCC_WARN_ABOUT_RETURN_TYPE = YES_ERROR;
				GCC_WARN_UNDECLARED_SELECTOR = YES;
				GCC_WARN_UNINITIALIZED_AUTOS = YES_AGGRESSIVE;
				GCC_WARN_UNUSED_FUNCTION = YES;
				GCC_WARN_UNUSED_VARIABLE = YES;
				MACOSX_DEPLOYMENT_TARGET = 10.15;
				MTL_ENABLE_DEBUG_INFO = INCLUDE_SOURCE;
				MTL_FAST_MATH = YES;
				ONLY_ACTIVE_ARCH = YES;
				SDKROOT = macosx;
				SWIFT_ACTIVE_COMPILATION_CONDITIONS = DEBUG;
				SWIFT_OPTIMIZATION_LEVEL = "-Onone";
			};
			name = Debug;
		};
		9B267C0C2444638F002F571E /* Release */ = {
			isa = XCBuildConfiguration;
			buildSettings = {
				ALWAYS_SEARCH_USER_PATHS = NO;
				CLANG_ANALYZER_LOCALIZABILITY_NONLOCALIZED = YES;
				CLANG_ANALYZER_NONNULL = YES;
				CLANG_ANALYZER_NUMBER_OBJECT_CONVERSION = YES_AGGRESSIVE;
				CLANG_CXX_LANGUAGE_STANDARD = "gnu++14";
				CLANG_CXX_LIBRARY = "libc++";
				CLANG_ENABLE_MODULES = YES;
				CLANG_ENABLE_OBJC_ARC = YES;
				CLANG_ENABLE_OBJC_WEAK = YES;
				CLANG_WARN_BLOCK_CAPTURE_AUTORELEASING = YES;
				CLANG_WARN_BOOL_CONVERSION = YES;
				CLANG_WARN_COMMA = YES;
				CLANG_WARN_CONSTANT_CONVERSION = YES;
				CLANG_WARN_DEPRECATED_OBJC_IMPLEMENTATIONS = YES;
				CLANG_WARN_DIRECT_OBJC_ISA_USAGE = YES_ERROR;
				CLANG_WARN_DOCUMENTATION_COMMENTS = YES;
				CLANG_WARN_EMPTY_BODY = YES;
				CLANG_WARN_ENUM_CONVERSION = YES;
				CLANG_WARN_INFINITE_RECURSION = YES;
				CLANG_WARN_INT_CONVERSION = YES;
				CLANG_WARN_NON_LITERAL_NULL_CONVERSION = YES;
				CLANG_WARN_OBJC_IMPLICIT_RETAIN_SELF = YES;
				CLANG_WARN_OBJC_LITERAL_CONVERSION = YES;
				CLANG_WARN_OBJC_ROOT_CLASS = YES_ERROR;
				CLANG_WARN_RANGE_LOOP_ANALYSIS = YES;
				CLANG_WARN_STRICT_PROTOTYPES = YES;
				CLANG_WARN_SUSPICIOUS_MOVE = YES;
				CLANG_WARN_UNGUARDED_AVAILABILITY = YES_AGGRESSIVE;
				CLANG_WARN_UNREACHABLE_CODE = YES;
				CLANG_WARN__DUPLICATE_METHOD_MATCH = YES;
				COPY_PHASE_STRIP = NO;
				DEBUG_INFORMATION_FORMAT = "dwarf-with-dsym";
				ENABLE_NS_ASSERTIONS = NO;
				ENABLE_STRICT_OBJC_MSGSEND = YES;
				GCC_C_LANGUAGE_STANDARD = gnu11;
				GCC_NO_COMMON_BLOCKS = YES;
				GCC_WARN_64_TO_32_BIT_CONVERSION = YES;
				GCC_WARN_ABOUT_RETURN_TYPE = YES_ERROR;
				GCC_WARN_UNDECLARED_SELECTOR = YES;
				GCC_WARN_UNINITIALIZED_AUTOS = YES_AGGRESSIVE;
				GCC_WARN_UNUSED_FUNCTION = YES;
				GCC_WARN_UNUSED_VARIABLE = YES;
				MACOSX_DEPLOYMENT_TARGET = 10.15;
				MTL_ENABLE_DEBUG_INFO = NO;
				MTL_FAST_MATH = YES;
				SDKROOT = macosx;
				SWIFT_COMPILATION_MODE = wholemodule;
				SWIFT_OPTIMIZATION_LEVEL = "-O";
			};
			name = Release;
		};
		9B267C0E2444638F002F571E /* Debug */ = {
			isa = XCBuildConfiguration;
			baseConfigurationReference = C398C851073995942D62038F /* Pods-Sunflower.debug.xcconfig */;
			buildSettings = {
				ASSETCATALOG_COMPILER_APPICON_NAME = AppIcon;
				CLANG_ENABLE_MODULES = YES;
				CODE_SIGN_ENTITLEMENTS = Sunflower/Sunflower.entitlements;
				CODE_SIGN_IDENTITY = "-";
				CODE_SIGN_STYLE = Automatic;
				COMBINE_HIDPI_IMAGES = YES;
				DEVELOPMENT_TEAM = B9D8DJR5J5;
				ENABLE_HARDENED_RUNTIME = NO;
				INFOPLIST_FILE = "$(SRCROOT)/Sunflower/Resources/Info.plist";
				LD_RUNPATH_SEARCH_PATHS = (
					"$(inherited)",
					"@executable_path/../Frameworks",
				);
				PRODUCT_BUNDLE_IDENTIFIER = com.sunflower.app;
				PRODUCT_NAME = "$(TARGET_NAME)";
				SWIFT_OBJC_BRIDGING_HEADER = "Sunflower/Resources/Bridging-Header.h";
				SWIFT_OPTIMIZATION_LEVEL = "-Onone";
				SWIFT_VERSION = 5.0;
			};
			name = Debug;
		};
		9B267C0F2444638F002F571E /* Release */ = {
			isa = XCBuildConfiguration;
			baseConfigurationReference = B95F59C61F5960BF1C4D785A /* Pods-Sunflower.release.xcconfig */;
			buildSettings = {
				ASSETCATALOG_COMPILER_APPICON_NAME = AppIcon;
				CLANG_ENABLE_MODULES = YES;
				CODE_SIGN_ENTITLEMENTS = Sunflower/Sunflower.entitlements;
				CODE_SIGN_IDENTITY = "-";
				CODE_SIGN_STYLE = Automatic;
				COMBINE_HIDPI_IMAGES = YES;
				DEVELOPMENT_TEAM = B9D8DJR5J5;
				ENABLE_HARDENED_RUNTIME = NO;
				INFOPLIST_FILE = "$(SRCROOT)/Sunflower/Resources/Info.plist";
				LD_RUNPATH_SEARCH_PATHS = (
					"$(inherited)",
					"@executable_path/../Frameworks",
				);
				PRODUCT_BUNDLE_IDENTIFIER = com.sunflower.app;
				PRODUCT_NAME = "$(TARGET_NAME)";
				SWIFT_OBJC_BRIDGING_HEADER = "Sunflower/Resources/Bridging-Header.h";
				SWIFT_VERSION = 5.0;
			};
			name = Release;
		};
/* End XCBuildConfiguration section */

/* Begin XCConfigurationList section */
		9B267BF82444638D002F571E /* Build configuration list for PBXProject "Sunflower" */ = {
			isa = XCConfigurationList;
			buildConfigurations = (
				9B267C0B2444638F002F571E /* Debug */,
				9B267C0C2444638F002F571E /* Release */,
			);
			defaultConfigurationIsVisible = 0;
			defaultConfigurationName = Release;
		};
		9B267C0D2444638F002F571E /* Build configuration list for PBXNativeTarget "Sunflower" */ = {
			isa = XCConfigurationList;
			buildConfigurations = (
				9B267C0E2444638F002F571E /* Debug */,
				9B267C0F2444638F002F571E /* Release */,
			);
			defaultConfigurationIsVisible = 0;
			defaultConfigurationName = Release;
		};
/* End XCConfigurationList section */

/* Begin XCRemoteSwiftPackageReference section */
		9B375C202446E4B700E3E286 /* XCRemoteSwiftPackageReference "swift-axml-converter" */ = {
			isa = XCRemoteSwiftPackageReference;
			repositoryURL = "https://github.com/xavierLowmiller/swift-axml-converter";
			requirement = {
				kind = upToNextMajorVersion;
				minimumVersion = 1.0.0;
			};
		};
/* End XCRemoteSwiftPackageReference section */

/* Begin XCSwiftPackageProductDependency section */
		9B375C212446E4B700E3E286 /* AXML */ = {
			isa = XCSwiftPackageProductDependency;
			package = 9B375C202446E4B700E3E286 /* XCRemoteSwiftPackageReference "swift-axml-converter" */;
			productName = AXML;
		};
/* End XCSwiftPackageProductDependency section */
	};
	rootObject = 9B267BF52444638D002F571E /* Project object */;
}
